
Microsoft Visual Studio Solution File, Format Version 12.00
# Visual Studio Version 17
VisualStudioVersion = 17.10.35013.160
MinimumVisualStudioVersion = 10.0.40219.1
Project("{FAE04EC0-301F-11D3-BF4B-00C04F79EFBC}") = "ArrayList-cadena de txt", "ArrayList-cadena de txt\ArrayList-cadena de txt.csproj", "{1BB610F1-9BC5-43CE-AA2E-FEA1FF067A2C}"
EndProject
Global
	GlobalSection(SolutionConfigurationPlatforms) = preSolution
		Debug|Any CPU = Debug|Any CPU
		Release|Any CPU = Release|Any CPU
	EndGlobalSection
	GlobalSection(ProjectConfigurationPlatforms) = postSolution
		{1BB610F1-9BC5-43CE-AA2E-FEA1FF067A2C}.Debug|Any CPU.ActiveCfg = Debug|Any CPU
		{1BB610F1-9BC5-43CE-AA2E-FEA1FF067A2C}.Debug|Any CPU.Build.0 = Debug|Any CPU
		{1BB610F1-9BC5-43CE-AA2E-FEA1FF067A2C}.Release|Any CPU.ActiveCfg = Release|Any CPU
		{1BB610F1-9BC5-43CE-AA2E-FEA1FF067A2C}.Release|Any CPU.Build.0 = Release|Any CPU
	EndGlobalSection
	GlobalSection(SolutionProperties) = preSolution
		HideSolutionNode = FALSE
	EndGlobalSection
	GlobalSection(ExtensibilityGlobals) = postSolution
		SolutionGuid = {F85FC3B3-86FE-4E51-84FA-9E10782F0591}
	EndGlobalSection
EndGlobal
